// !$*UTF8*$!
{
	archiveVersion = 1;
	classes = {
	};
	objectVersion = 55;
	objects = {

/* Begin PBXBuildFile section */
		9C76415B27AFC66400C83021 /* AppDelegate.swift in Sources */ = {isa = PBXBuildFile; fileRef = 9C76415A27AFC66400C83021 /* AppDelegate.swift */; };
		9C76415D27AFC66400C83021 /* SceneDelegate.swift in Sources */ = {isa = PBXBuildFile; fileRef = 9C76415C27AFC66400C83021 /* SceneDelegate.swift */; };
		9C76416527AFC66400C83021 /* VipToDoApp.xcdatamodeld in Sources */ = {isa = PBXBuildFile; fileRef = 9C76416327AFC66400C83021 /* VipToDoApp.xcdatamodeld */; };
		9C76416727AFC66500C83021 /* Assets.xcassets in Resources */ = {isa = PBXBuildFile; fileRef = 9C76416627AFC66500C83021 /* Assets.xcassets */; };
		9C76416A27AFC66500C83021 /* LaunchScreen.storyboard in Resources */ = {isa = PBXBuildFile; fileRef = 9C76416827AFC66500C83021 /* LaunchScreen.storyboard */; };
		9C76417227AFC76D00C83021 /* CoreDataManager.swift in Sources */ = {isa = PBXBuildFile; fileRef = 9C76417127AFC76D00C83021 /* CoreDataManager.swift */; };
		9C76417427AFCA6100C83021 /* CoreDataRepo.swift in Sources */ = {isa = PBXBuildFile; fileRef = 9C76417327AFCA6100C83021 /* CoreDataRepo.swift */; };
		9C76417627B1542E00C83021 /* ItemsBuilder.swift in Sources */ = {isa = PBXBuildFile; fileRef = 9C76417527B1542E00C83021 /* ItemsBuilder.swift */; };
		9C76417827B1544100C83021 /* ItemsContracts.swift in Sources */ = {isa = PBXBuildFile; fileRef = 9C76417727B1544100C83021 /* ItemsContracts.swift */; };
		9C76417C27B1549300C83021 /* ItemsViewController.swift in Sources */ = {isa = PBXBuildFile; fileRef = 9C76417A27B1549300C83021 /* ItemsViewController.swift */; };
		9C76417D27B1549300C83021 /* ItemsViewController.xib in Resources */ = {isa = PBXBuildFile; fileRef = 9C76417B27B1549300C83021 /* ItemsViewController.xib */; };
		9C76417F27B154CB00C83021 /* ItemsInteractor.swift in Sources */ = {isa = PBXBuildFile; fileRef = 9C76417E27B154CB00C83021 /* ItemsInteractor.swift */; };
		9C76418127B154E600C83021 /* ItemsPresentation.swift in Sources */ = {isa = PBXBuildFile; fileRef = 9C76418027B154E600C83021 /* ItemsPresentation.swift */; };
		9C76418327B154EF00C83021 /* ItemsPresenter.swift in Sources */ = {isa = PBXBuildFile; fileRef = 9C76418227B154EF00C83021 /* ItemsPresenter.swift */; };
		9C76418527B154F500C83021 /* ItemsRouter.swift in Sources */ = {isa = PBXBuildFile; fileRef = 9C76418427B154F500C83021 /* ItemsRouter.swift */; };
		9C76418A27B1ABF700C83021 /* AppContainer.swift in Sources */ = {isa = PBXBuildFile; fileRef = 9C76418927B1ABF700C83021 /* AppContainer.swift */; };
		9C76418C27B1AC3300C83021 /* AppRouter.swift in Sources */ = {isa = PBXBuildFile; fileRef = 9C76418B27B1AC3300C83021 /* AppRouter.swift */; };
/* End PBXBuildFile section */

/* Begin PBXFileReference section */
		9C76415727AFC66400C83021 /* VipToDoApp.app */ = {isa = PBXFileReference; explicitFileType = wrapper.application; includeInIndex = 0; path = VipToDoApp.app; sourceTree = BUILT_PRODUCTS_DIR; };
		9C76415A27AFC66400C83021 /* AppDelegate.swift */ = {isa = PBXFileReference; lastKnownFileType = sourcecode.swift; path = AppDelegate.swift; sourceTree = "<group>"; };
		9C76415C27AFC66400C83021 /* SceneDelegate.swift */ = {isa = PBXFileReference; lastKnownFileType = sourcecode.swift; path = SceneDelegate.swift; sourceTree = "<group>"; };
		9C76416427AFC66400C83021 /* VipToDoApp.xcdatamodel */ = {isa = PBXFileReference; lastKnownFileType = wrapper.xcdatamodel; path = VipToDoApp.xcdatamodel; sourceTree = "<group>"; };
		9C76416627AFC66500C83021 /* Assets.xcassets */ = {isa = PBXFileReference; lastKnownFileType = folder.assetcatalog; path = Assets.xcassets; sourceTree = "<group>"; };
		9C76416927AFC66500C83021 /* Base */ = {isa = PBXFileReference; lastKnownFileType = file.storyboard; name = Base; path = Base.lproj/LaunchScreen.storyboard; sourceTree = "<group>"; };
		9C76416B27AFC66500C83021 /* Info.plist */ = {isa = PBXFileReference; lastKnownFileType = text.plist.xml; path = Info.plist; sourceTree = "<group>"; };
		9C76417127AFC76D00C83021 /* CoreDataManager.swift */ = {isa = PBXFileReference; lastKnownFileType = sourcecode.swift; path = CoreDataManager.swift; sourceTree = "<group>"; };
		9C76417327AFCA6100C83021 /* CoreDataRepo.swift */ = {isa = PBXFileReference; lastKnownFileType = sourcecode.swift; path = CoreDataRepo.swift; sourceTree = "<group>"; };
		9C76417527B1542E00C83021 /* ItemsBuilder.swift */ = {isa = PBXFileReference; lastKnownFileType = sourcecode.swift; path = ItemsBuilder.swift; sourceTree = "<group>"; };
		9C76417727B1544100C83021 /* ItemsContracts.swift */ = {isa = PBXFileReference; lastKnownFileType = sourcecode.swift; path = ItemsContracts.swift; sourceTree = "<group>"; };
		9C76417A27B1549300C83021 /* ItemsViewController.swift */ = {isa = PBXFileReference; lastKnownFileType = sourcecode.swift; path = ItemsViewController.swift; sourceTree = "<group>"; };
		9C76417B27B1549300C83021 /* ItemsViewController.xib */ = {isa = PBXFileReference; lastKnownFileType = file.xib; path = ItemsViewController.xib; sourceTree = "<group>"; };
		9C76417E27B154CB00C83021 /* ItemsInteractor.swift */ = {isa = PBXFileReference; lastKnownFileType = sourcecode.swift; path = ItemsInteractor.swift; sourceTree = "<group>"; };
		9C76418027B154E600C83021 /* ItemsPresentation.swift */ = {isa = PBXFileReference; lastKnownFileType = sourcecode.swift; path = ItemsPresentation.swift; sourceTree = "<group>"; };
		9C76418227B154EF00C83021 /* ItemsPresenter.swift */ = {isa = PBXFileReference; lastKnownFileType = sourcecode.swift; path = ItemsPresenter.swift; sourceTree = "<group>"; };
		9C76418427B154F500C83021 /* ItemsRouter.swift */ = {isa = PBXFileReference; lastKnownFileType = sourcecode.swift; path = ItemsRouter.swift; sourceTree = "<group>"; };
		9C76418927B1ABF700C83021 /* AppContainer.swift */ = {isa = PBXFileReference; lastKnownFileType = sourcecode.swift; path = AppContainer.swift; sourceTree = "<group>"; };
		9C76418B27B1AC3300C83021 /* AppRouter.swift */ = {isa = PBXFileReference; lastKnownFileType = sourcecode.swift; path = AppRouter.swift; sourceTree = "<group>"; };
/* End PBXFileReference section */

/* Begin PBXFrameworksBuildPhase section */
		9C76415427AFC66400C83021 /* Frameworks */ = {
			isa = PBXFrameworksBuildPhase;
			buildActionMask = 2147483647;
			files = (
			);
			runOnlyForDeploymentPostprocessing = 0;
		};
/* End PBXFrameworksBuildPhase section */

/* Begin PBXGroup section */
		9C76414E27AFC66400C83021 = {
			isa = PBXGroup;
			children = (
				9C76415927AFC66400C83021 /* VipToDoApp */,
				9C76415827AFC66400C83021 /* Products */,
			);
			sourceTree = "<group>";
		};
		9C76415827AFC66400C83021 /* Products */ = {
			isa = PBXGroup;
			children = (
				9C76415727AFC66400C83021 /* VipToDoApp.app */,
			);
			name = Products;
			sourceTree = "<group>";
		};
		9C76415927AFC66400C83021 /* VipToDoApp */ = {
			isa = PBXGroup;
			children = (
				9C76417927B1545000C83021 /* Items */,
				9C76418627B1846000C83021 /* CoreData */,
				9C76418727B1849300C83021 /* Resources */,
			);
			path = VipToDoApp;
			sourceTree = "<group>";
		};
		9C76417927B1545000C83021 /* Items */ = {
			isa = PBXGroup;
			children = (
				9C76417527B1542E00C83021 /* ItemsBuilder.swift */,
				9C76417727B1544100C83021 /* ItemsContracts.swift */,
				9C76417A27B1549300C83021 /* ItemsViewController.swift */,
				9C76417B27B1549300C83021 /* ItemsViewController.xib */,
				9C76417E27B154CB00C83021 /* ItemsInteractor.swift */,
				9C76418027B154E600C83021 /* ItemsPresentation.swift */,
				9C76418227B154EF00C83021 /* ItemsPresenter.swift */,
				9C76418427B154F500C83021 /* ItemsRouter.swift */,
			);
			path = Items;
			sourceTree = "<group>";
		};
		9C76418627B1846000C83021 /* CoreData */ = {
			isa = PBXGroup;
			children = (
				9C76417127AFC76D00C83021 /* CoreDataManager.swift */,
				9C76417327AFCA6100C83021 /* CoreDataRepo.swift */,
				9C76416327AFC66400C83021 /* VipToDoApp.xcdatamodeld */,
			);
			path = CoreData;
			sourceTree = "<group>";
		};
		9C76418727B1849300C83021 /* Resources */ = {
			isa = PBXGroup;
			children = (
				9C76415A27AFC66400C83021 /* AppDelegate.swift */,
				9C76415C27AFC66400C83021 /* SceneDelegate.swift */,
				9C76416627AFC66500C83021 /* Assets.xcassets */,
				9C76416827AFC66500C83021 /* LaunchScreen.storyboard */,
				9C76416B27AFC66500C83021 /* Info.plist */,
				9C76418927B1ABF700C83021 /* AppContainer.swift */,
				9C76418B27B1AC3300C83021 /* AppRouter.swift */,
			);
			path = Resources;
			sourceTree = "<group>";
		};
/* End PBXGroup section */

/* Begin PBXNativeTarget section */
		9C76415627AFC66400C83021 /* VipToDoApp */ = {
			isa = PBXNativeTarget;
			buildConfigurationList = 9C76416E27AFC66500C83021 /* Build configuration list for PBXNativeTarget "VipToDoApp" */;
			buildPhases = (
				9C76415327AFC66400C83021 /* Sources */,
				9C76415427AFC66400C83021 /* Frameworks */,
				9C76415527AFC66400C83021 /* Resources */,
			);
			buildRules = (
			);
			dependencies = (
			);
			name = VipToDoApp;
			productName = VipToDoApp;
			productReference = 9C76415727AFC66400C83021 /* VipToDoApp.app */;
			productType = "com.apple.product-type.application";
		};
/* End PBXNativeTarget section */

/* Begin PBXProject section */
		9C76414F27AFC66400C83021 /* Project object */ = {
			isa = PBXProject;
			attributes = {
				BuildIndependentTargetsInParallel = 1;
				LastSwiftUpdateCheck = 1320;
				LastUpgradeCheck = 1320;
				TargetAttributes = {
					9C76415627AFC66400C83021 = {
						CreatedOnToolsVersion = 13.2.1;
					};
				};
			};
			buildConfigurationList = 9C76415227AFC66400C83021 /* Build configuration list for PBXProject "VipToDoApp" */;
			compatibilityVersion = "Xcode 13.0";
			developmentRegion = en;
			hasScannedForEncodings = 0;
			knownRegions = (
				en,
				Base,
			);
			mainGroup = 9C76414E27AFC66400C83021;
			productRefGroup = 9C76415827AFC66400C83021 /* Products */;
			projectDirPath = "";
			projectRoot = "";
			targets = (
				9C76415627AFC66400C83021 /* VipToDoApp */,
			);
		};
/* End PBXProject section */

/* Begin PBXResourcesBuildPhase section */
		9C76415527AFC66400C83021 /* Resources */ = {
			isa = PBXResourcesBuildPhase;
			buildActionMask = 2147483647;
			files = (
				9C76416A27AFC66500C83021 /* LaunchScreen.storyboard in Resources */,
				9C76416727AFC66500C83021 /* Assets.xcassets in Resources */,
				9C76417D27B1549300C83021 /* ItemsViewController.xib in Resources */,
			);
			runOnlyForDeploymentPostprocessing = 0;
		};
/* End PBXResourcesBuildPhase section */

/* Begin PBXSourcesBuildPhase section */
		9C76415327AFC66400C83021 /* Sources */ = {
			isa = PBXSourcesBuildPhase;
			buildActionMask = 2147483647;
			files = (
				9C76418A27B1ABF700C83021 /* AppContainer.swift in Sources */,
				9C76417427AFCA6100C83021 /* CoreDataRepo.swift in Sources */,
				9C76417F27B154CB00C83021 /* ItemsInteractor.swift in Sources */,
				9C76418127B154E600C83021 /* ItemsPresentation.swift in Sources */,
				9C76418C27B1AC3300C83021 /* AppRouter.swift in Sources */,
				9C76417627B1542E00C83021 /* ItemsBuilder.swift in Sources */,
				9C76417C27B1549300C83021 /* ItemsViewController.swift in Sources */,
				9C76418327B154EF00C83021 /* ItemsPresenter.swift in Sources */,
				9C76417827B1544100C83021 /* ItemsContracts.swift in Sources */,
				9C76416527AFC66400C83021 /* VipToDoApp.xcdatamodeld in Sources */,
				9C76415B27AFC66400C83021 /* AppDelegate.swift in Sources */,
				9C76415D27AFC66400C83021 /* SceneDelegate.swift in Sources */,
				9C76417227AFC76D00C83021 /* CoreDataManager.swift in Sources */,
				9C76418527B154F500C83021 /* ItemsRouter.swift in Sources */,
			);
			runOnlyForDeploymentPostprocessing = 0;
		};
/* End PBXSourcesBuildPhase section */

/* Begin PBXVariantGroup section */
		9C76416827AFC66500C83021 /* LaunchScreen.storyboard */ = {
			isa = PBXVariantGroup;
			children = (
				9C76416927AFC66500C83021 /* Base */,
			);
			name = LaunchScreen.storyboard;
			sourceTree = "<group>";
		};
/* End PBXVariantGroup section */

/* Begin XCBuildConfiguration section */
		9C76416C27AFC66500C83021 /* Debug */ = {
			isa = XCBuildConfiguration;
			buildSettings = {
				ALWAYS_SEARCH_USER_PATHS = NO;
				CLANG_ANALYZER_NONNULL = YES;
				CLANG_ANALYZER_NUMBER_OBJECT_CONVERSION = YES_AGGRESSIVE;
				CLANG_CXX_LANGUAGE_STANDARD = "gnu++17";
				CLANG_CXX_LIBRARY = "libc++";
				CLANG_ENABLE_MODULES = YES;
				CLANG_ENABLE_OBJC_ARC = YES;
				CLANG_ENABLE_OBJC_WEAK = YES;
				CLANG_WARN_BLOCK_CAPTURE_AUTORELEASING = YES;
				CLANG_WARN_BOOL_CONVERSION = YES;
				CLANG_WARN_COMMA = YES;
				CLANG_WARN_CONSTANT_CONVERSION = YES;
				CLANG_WARN_DEPRECATED_OBJC_IMPLEMENTATIONS = YES;
				CLANG_WARN_DIRECT_OBJC_ISA_USAGE = YES_ERROR;
				CLANG_WARN_DOCUMENTATION_COMMENTS = YES;
				CLANG_WARN_EMPTY_BODY = YES;
				CLANG_WARN_ENUM_CONVERSION = YES;
				CLANG_WARN_INFINITE_RECURSION = YES;
				CLANG_WARN_INT_CONVERSION = YES;
				CLANG_WARN_NON_LITERAL_NULL_CONVERSION = YES;
				CLANG_WARN_OBJC_IMPLICIT_RETAIN_SELF = YES;
				CLANG_WARN_OBJC_LITERAL_CONVERSION = YES;
				CLANG_WARN_OBJC_ROOT_CLASS = YES_ERROR;
				CLANG_WARN_QUOTED_INCLUDE_IN_FRAMEWORK_HEADER = YES;
				CLANG_WARN_RANGE_LOOP_ANALYSIS = YES;
				CLANG_WARN_STRICT_PROTOTYPES = YES;
				CLANG_WARN_SUSPICIOUS_MOVE = YES;
				CLANG_WARN_UNGUARDED_AVAILABILITY = YES_AGGRESSIVE;
				CLANG_WARN_UNREACHABLE_CODE = YES;
				CLANG_WARN__DUPLICATE_METHOD_MATCH = YES;
				COPY_PHASE_STRIP = NO;
				DEBUG_INFORMATION_FORMAT = dwarf;
				ENABLE_STRICT_OBJC_MSGSEND = YES;
				ENABLE_TESTABILITY = YES;
				GCC_C_LANGUAGE_STANDARD = gnu11;
				GCC_DYNAMIC_NO_PIC = NO;
				GCC_NO_COMMON_BLOCKS = YES;
				GCC_OPTIMIZATION_LEVEL = 0;
				GCC_PREPROCESSOR_DEFINITIONS = (
					"DEBUG=1",
					"$(inherited)",
				);
				GCC_WARN_64_TO_32_BIT_CONVERSION = YES;
				GCC_WARN_ABOUT_RETURN_TYPE = YES_ERROR;
				GCC_WARN_UNDECLARED_SELECTOR = YES;
				GCC_WARN_UNINITIALIZED_AUTOS = YES_AGGRESSIVE;
				GCC_WARN_UNUSED_FUNCTION = YES;
				GCC_WARN_UNUSED_VARIABLE = YES;
				IPHONEOS_DEPLOYMENT_TARGET = 15.2;
				MTL_ENABLE_DEBUG_INFO = INCLUDE_SOURCE;
				MTL_FAST_MATH = YES;
				ONLY_ACTIVE_ARCH = YES;
				SDKROOT = iphoneos;
				SWIFT_ACTIVE_COMPILATION_CONDITIONS = DEBUG;
				SWIFT_OPTIMIZATION_LEVEL = "-Onone";
			};
			name = Debug;
		};
		9C76416D27AFC66500C83021 /* Release */ = {
			isa = XCBuildConfiguration;
			buildSettings = {
				ALWAYS_SEARCH_USER_PATHS = NO;
				CLANG_ANALYZER_NONNULL = YES;
				CLANG_ANALYZER_NUMBER_OBJECT_CONVERSION = YES_AGGRESSIVE;
				CLANG_CXX_LANGUAGE_STANDARD = "gnu++17";
				CLANG_CXX_LIBRARY = "libc++";
				CLANG_ENABLE_MODULES = YES;
				CLANG_ENABLE_OBJC_ARC = YES;
				CLANG_ENABLE_OBJC_WEAK = YES;
				CLANG_WARN_BLOCK_CAPTURE_AUTORELEASING = YES;
				CLANG_WARN_BOOL_CONVERSION = YES;
				CLANG_WARN_COMMA = YES;
				CLANG_WARN_CONSTANT_CONVERSION = YES;
				CLANG_WARN_DEPRECATED_OBJC_IMPLEMENTATIONS = YES;
				CLANG_WARN_DIRECT_OBJC_ISA_USAGE = YES_ERROR;
				CLANG_WARN_DOCUMENTATION_COMMENTS = YES;
				CLANG_WARN_EMPTY_BODY = YES;
				CLANG_WARN_ENUM_CONVERSION = YES;
				CLANG_WARN_INFINITE_RECURSION = YES;
				CLANG_WARN_INT_CONVERSION = YES;
				CLANG_WARN_NON_LITERAL_NULL_CONVERSION = YES;
				CLANG_WARN_OBJC_IMPLICIT_RETAIN_SELF = YES;
				CLANG_WARN_OBJC_LITERAL_CONVERSION = YES;
				CLANG_WARN_OBJC_ROOT_CLASS = YES_ERROR;
				CLANG_WARN_QUOTED_INCLUDE_IN_FRAMEWORK_HEADER = YES;
				CLANG_WARN_RANGE_LOOP_ANALYSIS = YES;
				CLANG_WARN_STRICT_PROTOTYPES = YES;
				CLANG_WARN_SUSPICIOUS_MOVE = YES;
				CLANG_WARN_UNGUARDED_AVAILABILITY = YES_AGGRESSIVE;
				CLANG_WARN_UNREACHABLE_CODE = YES;
				CLANG_WARN__DUPLICATE_METHOD_MATCH = YES;
				COPY_PHASE_STRIP = NO;
				DEBUG_INFORMATION_FORMAT = "dwarf-with-dsym";
				ENABLE_NS_ASSERTIONS = NO;
				ENABLE_STRICT_OBJC_MSGSEND = YES;
				GCC_C_LANGUAGE_STANDARD = gnu11;
				GCC_NO_COMMON_BLOCKS = YES;
				GCC_WARN_64_TO_32_BIT_CONVERSION = YES;
				GCC_WARN_ABOUT_RETURN_TYPE = YES_ERROR;
				GCC_WARN_UNDECLARED_SELECTOR = YES;
				GCC_WARN_UNINITIALIZED_AUTOS = YES_AGGRESSIVE;
				GCC_WARN_UNUSED_FUNCTION = YES;
				GCC_WARN_UNUSED_VARIABLE = YES;
				IPHONEOS_DEPLOYMENT_TARGET = 15.2;
				MTL_ENABLE_DEBUG_INFO = NO;
				MTL_FAST_MATH = YES;
				SDKROOT = iphoneos;
				SWIFT_COMPILATION_MODE = wholemodule;
				SWIFT_OPTIMIZATION_LEVEL = "-O";
				VALIDATE_PRODUCT = YES;
			};
			name = Release;
		};
		9C76416F27AFC66500C83021 /* Debug */ = {
			isa = XCBuildConfiguration;
			buildSettings = {
				ASSETCATALOG_COMPILER_APPICON_NAME = AppIcon;
				ASSETCATALOG_COMPILER_GLOBAL_ACCENT_COLOR_NAME = AccentColor;
				CODE_SIGN_STYLE = Automatic;
				CURRENT_PROJECT_VERSION = 1;
				DEVELOPMENT_TEAM = 5L637C2H24;
				GENERATE_INFOPLIST_FILE = YES;
				INFOPLIST_FILE = VipToDoApp/Resources/Info.plist;
				INFOPLIST_KEY_UIApplicationSupportsIndirectInputEvents = YES;
				INFOPLIST_KEY_UILaunchStoryboardName = LaunchScreen;
				INFOPLIST_KEY_UISupportedInterfaceOrientations_iPad = "UIInterfaceOrientationPortrait UIInterfaceOrientationPortraitUpsideDown UIInterfaceOrientationLandscapeLeft UIInterfaceOrientationLandscapeRight";
				INFOPLIST_KEY_UISupportedInterfaceOrientations_iPhone = "UIInterfaceOrientationPortrait UIInterfaceOrientationLandscapeLeft UIInterfaceOrientationLandscapeRight";
				LD_RUNPATH_SEARCH_PATHS = (
					"$(inherited)",
					"@executable_path/Frameworks",
				);
				MARKETING_VERSION = 1.0;
				PRODUCT_BUNDLE_IDENTIFIER = com.example.VipToDoApp;
				PRODUCT_NAME = "$(TARGET_NAME)";
				SWIFT_EMIT_LOC_STRINGS = YES;
				SWIFT_VERSION = 5.0;
				TARGETED_DEVICE_FAMILY = "1,2";
			};
			name = Debug;
		};
		9C76417027AFC66500C83021 /* Release */ = {
			isa = XCBuildConfiguration;
			buildSettings = {
				ASSETCATALOG_COMPILER_APPICON_NAME = AppIcon;
				ASSETCATALOG_COMPILER_GLOBAL_ACCENT_COLOR_NAME = AccentColor;
				CODE_SIGN_STYLE = Automatic;
				CURRENT_PROJECT_VERSION = 1;
				DEVELOPMENT_TEAM = 5L637C2H24;
				GENERATE_INFOPLIST_FILE = YES;
				INFOPLIST_FILE = VipToDoApp/Resources/Info.plist;
				INFOPLIST_KEY_UIApplicationSupportsIndirectInputEvents = YES;
				INFOPLIST_KEY_UILaunchStoryboardName = LaunchScreen;
				INFOPLIST_KEY_UISupportedInterfaceOrientations_iPad = "UIInterfaceOrientationPortrait UIInterfaceOrientationPortraitUpsideDown UIInterfaceOrientationLandscapeLeft UIInterfaceOrientationLandscapeRight";
				INFOPLIST_KEY_UISupportedInterfaceOrientations_iPhone = "UIInterfaceOrientationPortrait UIInterfaceOrientationLandscapeLeft UIInterfaceOrientationLandscapeRight";
				LD_RUNPATH_SEARCH_PATHS = (
					"$(inherited)",
					"@executable_path/Frameworks",
				);
				MARKETING_VERSION = 1.0;
				PRODUCT_BUNDLE_IDENTIFIER = com.example.VipToDoApp;
				PRODUCT_NAME = "$(TARGET_NAME)";
				SWIFT_EMIT_LOC_STRINGS = YES;
				SWIFT_VERSION = 5.0;
				TARGETED_DEVICE_FAMILY = "1,2";
			};
			name = Release;
		};
/* End XCBuildConfiguration section */

/* Begin XCConfigurationList section */
		9C76415227AFC66400C83021 /* Build configuration list for PBXProject "VipToDoApp" */ = {
			isa = XCConfigurationList;
			buildConfigurations = (
				9C76416C27AFC66500C83021 /* Debug */,
				9C76416D27AFC66500C83021 /* Release */,
			);
			defaultConfigurationIsVisible = 0;
			defaultConfigurationName = Release;
		};
		9C76416E27AFC66500C83021 /* Build configuration list for PBXNativeTarget "VipToDoApp" */ = {
			isa = XCConfigurationList;
			buildConfigurations = (
				9C76416F27AFC66500C83021 /* Debug */,
				9C76417027AFC66500C83021 /* Release */,
			);
			defaultConfigurationIsVisible = 0;
			defaultConfigurationName = Release;
		};
/* End XCConfigurationList section */

/* Begin XCVersionGroup section */
		9C76416327AFC66400C83021 /* VipToDoApp.xcdatamodeld */ = {
			isa = XCVersionGroup;
			children = (
				9C76416427AFC66400C83021 /* VipToDoApp.xcdatamodel */,
			);
			currentVersion = 9C76416427AFC66400C83021 /* VipToDoApp.xcdatamodel */;
			path = VipToDoApp.xcdatamodeld;
			sourceTree = "<group>";
			versionGroupType = wrapper.xcdatamodel;
		};
/* End XCVersionGroup section */
	};
	rootObject = 9C76414F27AFC66400C83021 /* Project object */;
}
